
Microsoft Visual Studio Solution File, Format Version 12.00
# Visual Studio Version 17
VisualStudioVersion = 17.7.34031.279
MinimumVisualStudioVersion = 10.0.40219.1
Project("{FAE04EC0-301F-11D3-BF4B-00C04F79EFBC}") = "Linq", "Linq.csproj", "{8032B83E-04DF-4376-A560-51E6BE4E1E17}"
EndProject
Global
	GlobalSection(SolutionConfigurationPlatforms) = preSolution
		Debug|Any CPU = Debug|Any CPU
		Release|Any CPU = Release|Any CPU
	EndGlobalSection
	GlobalSection(ProjectConfigurationPlatforms) = postSolution
		{8032B83E-04DF-4376-A560-51E6BE4E1E17}.Debug|Any CPU.ActiveCfg = Debug|Any CPU
		{8032B83E-04DF-4376-A560-51E6BE4E1E17}.Debug|Any CPU.Build.0 = Debug|Any CPU
		{8032B83E-04DF-4376-A560-51E6BE4E1E17}.Release|Any CPU.ActiveCfg = Release|Any CPU
		{8032B83E-04DF-4376-A560-51E6BE4E1E17}.Release|Any CPU.Build.0 = Release|Any CPU
	EndGlobalSection
	GlobalSection(SolutionProperties) = preSolution
		HideSolutionNode = FALSE
	EndGlobalSection
	GlobalSection(ExtensibilityGlobals) = postSolution
		SolutionGuid = {E0844783-9677-4A64-9C67-99323FD5069B}
	EndGlobalSection
EndGlobal
